
Microsoft Visual Studio Solution File, Format Version 12.00
# Visual Studio 2013
VisualStudioVersion = 12.0.31101.0
MinimumVisualStudioVersion = 10.0.40219.1
Project("{8BC9CEB8-8B4A-11D0-8D11-00A0C91BC942}") = "N3Export2", "N3E2.vcxproj", "{E36F2E1A-052B-41DC-8A13-C49D8C0BB055}"
EndProject
Global
	GlobalSection(SolutionConfigurationPlatforms) = preSolution
		Debug|Win32 = Debug|Win32
		Release|Win32 = Release|Win32
	EndGlobalSection
	GlobalSection(ProjectConfigurationPlatforms) = postSolution
		{E36F2E1A-052B-41DC-8A13-C49D8C0BB055}.Debug|Win32.ActiveCfg = Debug|Win32
		{E36F2E1A-052B-41DC-8A13-C49D8C0BB055}.Debug|Win32.Build.0 = Debug|Win32
		{E36F2E1A-052B-41DC-8A13-C49D8C0BB055}.Release|Win32.ActiveCfg = Release|Win32
		{E36F2E1A-052B-41DC-8A13-C49D8C0BB055}.Release|Win32.Build.0 = Release|Win32
	EndGlobalSection
	GlobalSection(SolutionProperties) = preSolution
		HideSolutionNode = FALSE
	EndGlobalSection
EndGlobal
