<?xml version="1.0" encoding="utf-8"?>
<Project ToolsVersion="Current" xmlns="http://schemas.microsoft.com/developer/msbuild/2003">
  <ItemGroup>
    <ClCompile Include="DFont.cpp" />
    <ClCompile Include="LogWriter.cpp" />
    <ClCompile Include="N3AlphaPrimitiveManager.cpp" />
    <ClCompile Include="N3AnimatedTexures.cpp" />
    <ClCompile Include="N3AnimControl.cpp" />
    <ClCompile Include="N3AnimKey.cpp" />
    <ClCompile Include="N3Base.cpp" />
    <ClCompile Include="N3BaseFileAccess.cpp" />
    <ClCompile Include="N3Board.cpp" />
    <ClCompile Include="N3Camera.cpp" />
    <ClCompile Include="N3Cloak.cpp" />
    <ClCompile Include="N3Eng.cpp" />
    <ClCompile Include="N3FXPlug.cpp" />
    <ClCompile Include="N3IMesh.cpp" />
    <ClCompile Include="N3Joint.cpp" />
    <ClCompile Include="N3Light.cpp" />
    <ClCompile Include="N3Mesh.cpp" />
    <ClCompile Include="N3PMesh.cpp" />
    <ClCompile Include="N3PMeshInstance.cpp" />
    <ClCompile Include="N3Shape.cpp" />
    <ClCompile Include="N3ShapeExtra.cpp" />
    <ClCompile Include="N3Texture.cpp" />
    <ClCompile Include="N3Transform.cpp" />
    <ClCompile Include="N3TransformCollision.cpp" />
    <ClCompile Include="N3VMesh.cpp" />
    <ClCompile Include="N3UIBase.cpp" />
    <ClCompile Include="N3UIButton.cpp" />
    <ClCompile Include="N3UIEdit.cpp" />
    <ClCompile Include="N3UIImage.cpp" />
    <ClCompile Include="N3UIList.cpp" />
    <ClCompile Include="N3UIProgress.cpp" />
    <ClCompile Include="N3UIScrollBar.cpp" />
    <ClCompile Include="N3UIStatic.cpp" />
    <ClCompile Include="N3UIString.cpp" />
    <ClCompile Include="N3UITooltip.cpp" />
    <ClCompile Include="N3UITrackBar.cpp" />
    <ClCompile Include="stdafx.cpp" />
    <ClCompile Include="N3Chr.cpp" />
    <ClCompile Include="N3SkyMng.cpp" />
    <ClCompile Include="N3Sky.cpp" />
  </ItemGroup>
  <ItemGroup>
    <ClInclude Include="DFont.h" />
    <ClInclude Include="LogWriter.h" />
    <ClInclude Include="My_3DStruct.h" />
    <ClInclude Include="N3AlphaPrimitiveManager.h" />
    <ClInclude Include="N3AnimatedTexures.h" />
    <ClInclude Include="N3AnimControl.h" />
    <ClInclude Include="N3AnimKey.h" />
    <ClInclude Include="N3Base.h" />
    <ClInclude Include="N3BaseFileAccess.h" />
    <ClInclude Include="N3Board.h" />
    <ClInclude Include="N3Camera.h" />
    <ClInclude Include="N3Cloak.h" />
    <ClInclude Include="N3Eng.h" />
    <ClInclude Include="N3FXPlug.h" />
    <ClInclude Include="N3IMesh.h" />
    <ClInclude Include="N3Joint.h" />
    <ClInclude Include="N3Light.h" />
    <ClInclude Include="N3Mesh.h" />
    <ClInclude Include="N3Mng.h" />
    <ClInclude Include="N3PMesh.h" />
    <ClInclude Include="N3PMeshInstance.h" />
    <ClInclude Include="N3Shape.h" />
    <ClInclude Include="N3ShapeExtra.h" />
    <ClInclude Include="N3TableBase.h" />
    <ClInclude Include="N3Texture.h" />
    <ClInclude Include="N3Transform.h" />
    <ClInclude Include="N3TransformCollision.h" />
    <ClInclude Include="N3VMesh.h" />
    <ClInclude Include="N3UIBase.h" />
    <ClInclude Include="N3UIButton.h" />
    <ClInclude Include="N3UIDef.h" />
    <ClInclude Include="N3UIEdit.h" />
    <ClInclude Include="N3UIImage.h" />
    <ClInclude Include="N3UIList.h" />
    <ClInclude Include="N3UIProgress.h" />
    <ClInclude Include="N3UIScrollBar.h" />
    <ClInclude Include="N3UIStatic.h" />
    <ClInclude Include="N3UIString.h" />
    <ClInclude Include="N3UITooltip.h" />
    <ClInclude Include="N3UITrackBar.h" />
    <ClInclude Include="stdafx.h" />
    <ClInclude Include="N3Chr.h" />
    <ClInclude Include="N3SkyMng.h" />
    <ClInclude Include="N3Sky.h" />
  </ItemGroup>
</Project>