<?xml version="1.0" encoding="utf-8"?>
<Project ToolsVersion="4.0" xmlns="http://schemas.microsoft.com/developer/msbuild/2003">
  <ItemGroup>
    <Filter Include="Resource Files">
      <UniqueIdentifier>{e65cc8f4-a7fa-48c6-9de9-939beb07b40f}</UniqueIdentifier>
      <Extensions>ico;cur;bmp;dlg;rc2;rct;bin;rgs;gif;jpg;jpeg;jpe</Extensions>
    </Filter>
    <Filter Include="SoundMgr">
      <UniqueIdentifier>{c0a666b9-478b-495c-ba68-107d555181ea}</UniqueIdentifier>
    </Filter>
    <Filter Include="Network">
      <UniqueIdentifier>{dba8e5b3-1bc5-49f7-932e-b8d5bec8595d}</UniqueIdentifier>
    </Filter>
    <Filter Include="Procedure - Character Create">
      <UniqueIdentifier>{4b93f89f-1b9e-49c7-8e84-56faf52c0d1e}</UniqueIdentifier>
    </Filter>
    <Filter Include="Procedure - Character Select">
      <UniqueIdentifier>{bb8d6b91-2d61-4c94-a3cd-1f8b2efca8c4}</UniqueIdentifier>
    </Filter>
    <Filter Include="Procedure - Main">
      <UniqueIdentifier>{66019fba-06ae-4e7e-a9be-cbf0b6c051a9}</UniqueIdentifier>
    </Filter>
    <Filter Include="Procedure - Main\Player">
      <UniqueIdentifier>{2b0f35c4-e1cb-41e3-88ab-ce1a495d68f3}</UniqueIdentifier>
    </Filter>
    <Filter Include="Procedure - Main\Player\Common">
      <UniqueIdentifier>{4cd882ab-a5c8-49c7-8293-71b4622db9eb}</UniqueIdentifier>
    </Filter>
    <Filter Include="Procedure - Main\Player\Machine">
      <UniqueIdentifier>{0c0c60a4-0b9d-42c4-9ddf-01feec407a35}</UniqueIdentifier>
    </Filter>
    <Filter Include="Procedure - Main\FX">
      <UniqueIdentifier>{354ee7d4-efcb-4b7b-a759-4d6ec342a519}</UniqueIdentifier>
    </Filter>
    <Filter Include="Procedure - Main\UI">
      <UniqueIdentifier>{c9e8ced1-4621-4ee0-92f1-223358bbab54}</UniqueIdentifier>
    </Filter>
    <Filter Include="Procedure - Main\UI\UI%28Item Relative%29">
      <UniqueIdentifier>{7ec06209-b865-4533-9510-0018acb5553e}</UniqueIdentifier>
    </Filter>
    <Filter Include="Procedure - Main\UI\UI%28Icon Basic%29">
      <UniqueIdentifier>{c9f3f945-2c13-4aae-a49a-61cb38612eb5}</UniqueIdentifier>
    </Filter>
    <Filter Include="Procedure - Main\UI\UI%28Skill Relative%29">
      <UniqueIdentifier>{37edd89a-eaa3-49bc-958c-0dd47c1a3f91}</UniqueIdentifier>
    </Filter>
    <Filter Include="Procedure - Main\UI\UI%28Exchange &amp; Repair%29">
      <UniqueIdentifier>{0f7efc64-66ee-48a1-ae89-0f6f10f885d1}</UniqueIdentifier>
    </Filter>
    <Filter Include="Procedure - Main\UI\UI%28Change &amp; Init%29">
      <UniqueIdentifier>{875bd6ce-e196-44b3-b1ac-2c9738c84e3b}</UniqueIdentifier>
    </Filter>
    <Filter Include="Procedure - Main\UI\UI%28Inn%29">
      <UniqueIdentifier>{1040f1e9-f863-4401-85fe-645a024bee37}</UniqueIdentifier>
    </Filter>
    <Filter Include="Procedure - Main\Procedure[Sub] - PerTrade">
      <UniqueIdentifier>{0a3dd1e4-cf5d-4b26-b600-8e8d469001b3}</UniqueIdentifier>
    </Filter>
    <Filter Include="Procedure - Main\MagicSkill">
      <UniqueIdentifier>{8125c086-a348-4c17-9f92-d0f0e7b52073}</UniqueIdentifier>
    </Filter>
    <Filter Include="Procedure - Main\World Manager">
      <UniqueIdentifier>{a56e0c3a-991c-4bc7-96f0-a7d1bed45d0f}</UniqueIdentifier>
    </Filter>
    <Filter Include="Procedure - Main\World Manager\Terrain Manager">
      <UniqueIdentifier>{d7f96038-2dcb-4569-b826-5db5cdf16deb}</UniqueIdentifier>
    </Filter>
    <Filter Include="Procedure - Main\World Manager\Terrain Manager\N3Sky">
      <UniqueIdentifier>{b5f86cdf-960e-4c06-9e75-24e8a6e73a9f}</UniqueIdentifier>
    </Filter>
    <Filter Include="Procedure - Main\World Manager\Terrain Manager\N3Terrain">
      <UniqueIdentifier>{8204cfa8-1d67-4689-95f0-c6db8735b8e3}</UniqueIdentifier>
    </Filter>
    <Filter Include="Procedure - Main\World Manager\Terrain Manager\N3ShapeMgr">
      <UniqueIdentifier>{15083d0b-46ae-4d1f-aea3-eb01345cfb2f}</UniqueIdentifier>
    </Filter>
    <Filter Include="Procedure - Main\World Manager\Terrain Manager\Misc">
      <UniqueIdentifier>{16862f94-90cc-4dac-9cdc-28d118163220}</UniqueIdentifier>
    </Filter>
    <Filter Include="Procedure - Main\World Manager\Dungeon Manager">
      <UniqueIdentifier>{5517817e-3dce-442e-8577-2da37efc3596}</UniqueIdentifier>
    </Filter>
    <Filter Include="Procedure - Main\World Manager\Dungeon Manager\PVS">
      <UniqueIdentifier>{7b0d2f91-6f7d-4d2d-8107-fabbd0b36dc2}</UniqueIdentifier>
    </Filter>
    <Filter Include="Procedure - Option">
      <UniqueIdentifier>{fa1df12e-983b-49a0-982b-ad4545a5be11}</UniqueIdentifier>
    </Filter>
    <Filter Include="Procedure - Nation Select">
      <UniqueIdentifier>{18be9581-1fd7-4f14-9056-f8fe6ecd7510}</UniqueIdentifier>
    </Filter>
    <Filter Include="Procedure - LogIn">
      <UniqueIdentifier>{bffa9acf-d339-4cbe-bff9-02e0dd8259d7}</UniqueIdentifier>
    </Filter>
    <Filter Include="Knight Character">
      <UniqueIdentifier>{a5213627-69cf-41b8-a13b-e2076c301d54}</UniqueIdentifier>
    </Filter>
  </ItemGroup>
  <ItemGroup>
    <ClInclude Include="resource.h">
      <Filter>Resource Files</Filter>
    </ClInclude>
    <ClInclude Include="..\N3BASE\N3SndDef.h">
      <Filter>SoundMgr</Filter>
    </ClInclude>
    <ClInclude Include="..\N3BASE\N3SndMgr.h">
      <Filter>SoundMgr</Filter>
    </ClInclude>
    <ClInclude Include="..\N3BASE\N3SndObj.h">
      <Filter>SoundMgr</Filter>
    </ClInclude>
    <ClInclude Include="..\N3BASE\N3SndObjStream.h">
      <Filter>SoundMgr</Filter>
    </ClInclude>
    <ClInclude Include="..\N3BASE\WaveFile.h">
      <Filter>SoundMgr</Filter>
    </ClInclude>
    <ClInclude Include="APISocket.h">
      <Filter>Network</Filter>
    </ClInclude>
    <ClInclude Include="Compress.h">
      <Filter>Network</Filter>
    </ClInclude>
    <ClInclude Include="IMPLODE.H">
      <Filter>Network</Filter>
    </ClInclude>
    <ClInclude Include="JvCryption.h">
      <Filter>Network</Filter>
    </ClInclude>
    <ClInclude Include="PacketDef.h">
      <Filter>Network</Filter>
    </ClInclude>
    <ClInclude Include="GameProcCharacterCreate.h">
      <Filter>Procedure - Character Create</Filter>
    </ClInclude>
    <ClInclude Include="UICharacterCreate.h">
      <Filter>Procedure - Character Create</Filter>
    </ClInclude>
    <ClInclude Include="GameProcCharacterSelect.h">
      <Filter>Procedure - Character Select</Filter>
    </ClInclude>
    <ClInclude Include="UICharacterSelect.h">
      <Filter>Procedure - Character Select</Filter>
    </ClInclude>
    <ClInclude Include="Bitset.h">
      <Filter>Procedure - Main\Player\Common</Filter>
    </ClInclude>
    <ClInclude Include="..\N3Base\N3Chr.h">
      <Filter>Procedure - Main\Player\Common</Filter>
    </ClInclude>
    <ClInclude Include="..\N3Base\N3Skin.h">
      <Filter>Procedure - Main\Player\Common</Filter>
    </ClInclude>
    <ClInclude Include="PlayerBase.h">
      <Filter>Procedure - Main\Player\Common</Filter>
    </ClInclude>
    <ClInclude Include="PlayerNPC.h">
      <Filter>Procedure - Main\Player\Common</Filter>
    </ClInclude>
    <ClInclude Include="Catapult.h">
      <Filter>Procedure - Main\Player\Machine</Filter>
    </ClInclude>
    <ClInclude Include="MachineBase.h">
      <Filter>Procedure - Main\Player\Machine</Filter>
    </ClInclude>
    <ClInclude Include="MachineMng.h">
      <Filter>Procedure - Main\Player\Machine</Filter>
    </ClInclude>
    <ClInclude Include="PlayerMySelf.h">
      <Filter>Procedure - Main\Player</Filter>
    </ClInclude>
    <ClInclude Include="PlayerOther.h">
      <Filter>Procedure - Main\Player</Filter>
    </ClInclude>
    <ClInclude Include="PlayerOtherMgr.h">
      <Filter>Procedure - Main\Player</Filter>
    </ClInclude>
    <ClInclude Include="..\N3Base\N3FXBundle.h">
      <Filter>Procedure - Main\FX</Filter>
    </ClInclude>
    <ClInclude Include="N3FXBundleGame.h">
      <Filter>Procedure - Main\FX</Filter>
    </ClInclude>
    <ClInclude Include="..\N3Base\N3FXDef.h">
      <Filter>Procedure - Main\FX</Filter>
    </ClInclude>
    <ClInclude Include="N3FXMgr.h">
      <Filter>Procedure - Main\FX</Filter>
    </ClInclude>
    <ClInclude Include="..\N3Base\N3FXPartBase.h">
      <Filter>Procedure - Main\FX</Filter>
    </ClInclude>
    <ClInclude Include="..\N3Base\N3FXPartBillBoard.h">
      <Filter>Procedure - Main\FX</Filter>
    </ClInclude>
    <ClInclude Include="N3FXPartBillBoardGame.h">
      <Filter>Procedure - Main\FX</Filter>
    </ClInclude>
    <ClInclude Include="..\N3Base\N3FXPartBottomBoard.h">
      <Filter>Procedure - Main\FX</Filter>
    </ClInclude>
    <ClInclude Include="N3FXPartBottomBoardGame.h">
      <Filter>Procedure - Main\FX</Filter>
    </ClInclude>
    <ClInclude Include="..\N3Base\N3FXParticle.h">
      <Filter>Procedure - Main\FX</Filter>
    </ClInclude>
    <ClInclude Include="..\N3Base\N3FXPartMesh.h">
      <Filter>Procedure - Main\FX</Filter>
    </ClInclude>
    <ClInclude Include="..\N3Base\N3FXPartParticles.h">
      <Filter>Procedure - Main\FX</Filter>
    </ClInclude>
    <ClInclude Include="..\N3Base\N3FXPMesh.h">
      <Filter>Procedure - Main\FX</Filter>
    </ClInclude>
    <ClInclude Include="..\N3BASE\N3FXPMeshInstance.h">
      <Filter>Procedure - Main\FX</Filter>
    </ClInclude>
    <ClInclude Include="..\N3Base\N3FXShape.h">
      <Filter>Procedure - Main\FX</Filter>
    </ClInclude>
    <ClInclude Include="CountableItemEditDlg.h">
      <Filter>Procedure - Main\UI\UI%28Item Relative%29</Filter>
    </ClInclude>
    <ClInclude Include="UIDroppedItemDlg.h">
      <Filter>Procedure - Main\UI\UI%28Item Relative%29</Filter>
    </ClInclude>
    <ClInclude Include="UIImageTooltipDlg.h">
      <Filter>Procedure - Main\UI\UI%28Item Relative%29</Filter>
    </ClInclude>
    <ClInclude Include="UIInventory.h">
      <Filter>Procedure - Main\UI\UI%28Item Relative%29</Filter>
    </ClInclude>
    <ClInclude Include="UITransactionDlg.h">
      <Filter>Procedure - Main\UI\UI%28Item Relative%29</Filter>
    </ClInclude>
    <ClInclude Include="UIWareHouseDlg.h">
      <Filter>Procedure - Main\UI\UI%28Item Relative%29</Filter>
    </ClInclude>
    <ClInclude Include="..\N3BASE\N3UIArea.h">
      <Filter>Procedure - Main\UI\UI%28Icon Basic%29</Filter>
    </ClInclude>
    <ClInclude Include="N3UIIcon.h">
      <Filter>Procedure - Main\UI\UI%28Icon Basic%29</Filter>
    </ClInclude>
    <ClInclude Include="N3UIWndBase.h">
      <Filter>Procedure - Main\UI\UI%28Icon Basic%29</Filter>
    </ClInclude>
    <ClInclude Include="UINPCEvent.h">
      <Filter>Procedure - Main\UI\UI%28Icon Basic%29</Filter>
    </ClInclude>
    <ClInclude Include="UINpcTalk.h">
      <Filter>Procedure - Main\UI\UI%28Icon Basic%29</Filter>
    </ClInclude>
    <ClInclude Include="UIHotKeyDlg.h">
      <Filter>Procedure - Main\UI\UI%28Skill Relative%29</Filter>
    </ClInclude>
    <ClInclude Include="UISkillTreeDlg.h">
      <Filter>Procedure - Main\UI\UI%28Skill Relative%29</Filter>
    </ClInclude>
    <ClInclude Include="ItemRepairMgr.h">
      <Filter>Procedure - Main\UI\UI%28Exchange &amp; Repair%29</Filter>
    </ClInclude>
    <ClInclude Include="UIItemExchange.h">
      <Filter>Procedure - Main\UI\UI%28Exchange &amp; Repair%29</Filter>
    </ClInclude>
    <ClInclude Include="UIRepairTooltipDlg.h">
      <Filter>Procedure - Main\UI\UI%28Exchange &amp; Repair%29</Filter>
    </ClInclude>
    <ClInclude Include="UIClassChange.h">
      <Filter>Procedure - Main\UI\UI%28Change &amp; Init%29</Filter>
    </ClInclude>
    <ClInclude Include="UINPCChangeEvent.h">
      <Filter>Procedure - Main\UI\UI%28Change &amp; Init%29</Filter>
    </ClInclude>
    <ClInclude Include="UIPointInitDlg.h">
      <Filter>Procedure - Main\UI\UI%28Change &amp; Init%29</Filter>
    </ClInclude>
    <ClInclude Include="UICreateClanName.h">
      <Filter>Procedure - Main\UI\UI%28Inn%29</Filter>
    </ClInclude>
    <ClInclude Include="UIInn.h">
      <Filter>Procedure - Main\UI\UI%28Inn%29</Filter>
    </ClInclude>
    <ClInclude Include="N3UIDBCLButton.h">
      <Filter>Procedure - Main\UI</Filter>
    </ClInclude>
    <ClInclude Include="UIChat.h">
      <Filter>Procedure - Main\UI</Filter>
    </ClInclude>
    <ClInclude Include="UICmd.h">
      <Filter>Procedure - Main\UI</Filter>
    </ClInclude>
    <ClInclude Include="UIDead.h">
      <Filter>Procedure - Main\UI</Filter>
    </ClInclude>
    <ClInclude Include="UIEndingDisplay.h">
      <Filter>Procedure - Main\UI</Filter>
    </ClInclude>
    <ClInclude Include="UIHelp.h">
      <Filter>Procedure - Main\UI</Filter>
    </ClInclude>
    <ClInclude Include="UIKnightsOperation.h">
      <Filter>Procedure - Main\UI</Filter>
    </ClInclude>
    <ClInclude Include="UILoading.h">
      <Filter>Procedure - Main\UI</Filter>
    </ClInclude>
    <ClInclude Include="UIManager.h">
      <Filter>Procedure - Main\UI</Filter>
    </ClInclude>
    <ClInclude Include="UIMessageBox.h">
      <Filter>Procedure - Main\UI</Filter>
    </ClInclude>
    <ClInclude Include="UIMessageBoxManager.h">
      <Filter>Procedure - Main\UI</Filter>
    </ClInclude>
    <ClInclude Include="UIMessageWnd.h">
      <Filter>Procedure - Main\UI</Filter>
    </ClInclude>
    <ClInclude Include="UINotice.h">
      <Filter>Procedure - Main\UI</Filter>
    </ClInclude>
    <ClInclude Include="UIPartyBBS.h">
      <Filter>Procedure - Main\UI</Filter>
    </ClInclude>
    <ClInclude Include="UIPartyBBSSelector.h">
      <Filter>Procedure - Main\UI</Filter>
    </ClInclude>
    <ClInclude Include="UIPartyOrForce.h">
      <Filter>Procedure - Main\UI</Filter>
    </ClInclude>
    <ClInclude Include="UIQuestMenu.h">
      <Filter>Procedure - Main\UI</Filter>
    </ClInclude>
    <ClInclude Include="UIQuestTalk.h">
      <Filter>Procedure - Main\UI</Filter>
    </ClInclude>
    <ClInclude Include="UIStateBar.h">
      <Filter>Procedure - Main\UI</Filter>
    </ClInclude>
    <ClInclude Include="UITargetBar.h">
      <Filter>Procedure - Main\UI</Filter>
    </ClInclude>
    <ClInclude Include="UITradeBBSEditDlg.h">
      <Filter>Procedure - Main\UI</Filter>
    </ClInclude>
    <ClInclude Include="UITradeBBSSelector.h">
      <Filter>Procedure - Main\UI</Filter>
    </ClInclude>
    <ClInclude Include="UITradeExplanation.h">
      <Filter>Procedure - Main\UI</Filter>
    </ClInclude>
    <ClInclude Include="UITradeSellBBS.h">
      <Filter>Procedure - Main\UI</Filter>
    </ClInclude>
    <ClInclude Include="UIVarious.h">
      <Filter>Procedure - Main\UI</Filter>
    </ClInclude>
    <ClInclude Include="UIWarp.h">
      <Filter>Procedure - Main\UI</Filter>
    </ClInclude>
    <ClInclude Include="SubProcPerTrade.h">
      <Filter>Procedure - Main\Procedure[Sub] - PerTrade</Filter>
    </ClInclude>
    <ClInclude Include="UIPerTradeDlg.h">
      <Filter>Procedure - Main\Procedure[Sub] - PerTrade</Filter>
    </ClInclude>
    <ClInclude Include="UITradeEditDlg.h">
      <Filter>Procedure - Main\Procedure[Sub] - PerTrade</Filter>
    </ClInclude>
    <ClInclude Include="MagicSkillMng.h">
      <Filter>Procedure - Main\MagicSkill</Filter>
    </ClInclude>
    <ClInclude Include="..\N3BASE\N3Cloud.h">
      <Filter>Procedure - Main\World Manager\Terrain Manager\N3Sky</Filter>
    </ClInclude>
    <ClInclude Include="..\N3BASE\N3ColorChange.h">
      <Filter>Procedure - Main\World Manager\Terrain Manager\N3Sky</Filter>
    </ClInclude>
    <ClInclude Include="..\N3Base\N3GERain.h">
      <Filter>Procedure - Main\World Manager\Terrain Manager\N3Sky</Filter>
    </ClInclude>
    <ClInclude Include="..\N3Base\N3GESnow.h">
      <Filter>Procedure - Main\World Manager\Terrain Manager\N3Sky</Filter>
    </ClInclude>
    <ClInclude Include="..\N3Base\N3GlobalEffect.h">
      <Filter>Procedure - Main\World Manager\Terrain Manager\N3Sky</Filter>
    </ClInclude>
    <ClInclude Include="..\N3BASE\N3Moon.h">
      <Filter>Procedure - Main\World Manager\Terrain Manager\N3Sky</Filter>
    </ClInclude>
    <ClInclude Include="..\N3BASE\N3Sky.h">
      <Filter>Procedure - Main\World Manager\Terrain Manager\N3Sky</Filter>
    </ClInclude>
    <ClInclude Include="..\N3BASE\N3SkyMng.h">
      <Filter>Procedure - Main\World Manager\Terrain Manager\N3Sky</Filter>
    </ClInclude>
    <ClInclude Include="..\N3BASE\N3Star.h">
      <Filter>Procedure - Main\World Manager\Terrain Manager\N3Sky</Filter>
    </ClInclude>
    <ClInclude Include="..\N3BASE\N3Sun.h">
      <Filter>Procedure - Main\World Manager\Terrain Manager\N3Sky</Filter>
    </ClInclude>
    <ClInclude Include="N3Terrain.h">
      <Filter>Procedure - Main\World Manager\Terrain Manager\N3Terrain</Filter>
    </ClInclude>
    <ClInclude Include="N3TerrainDef.h">
      <Filter>Procedure - Main\World Manager\Terrain Manager\N3Terrain</Filter>
    </ClInclude>
    <ClInclude Include="N3TerrainPatch.h">
      <Filter>Procedure - Main\World Manager\Terrain Manager\N3Terrain</Filter>
    </ClInclude>
    <ClInclude Include="..\N3Base\N3ShapeMgr.h">
      <Filter>Procedure - Main\World Manager\Terrain Manager\N3ShapeMgr</Filter>
    </ClInclude>
    <ClInclude Include="Bird.h">
      <Filter>Procedure - Main\World Manager\Terrain Manager\Misc</Filter>
    </ClInclude>
    <ClInclude Include="BirdMng.h">
      <Filter>Procedure - Main\World Manager\Terrain Manager\Misc</Filter>
    </ClInclude>
    <ClInclude Include="GrassBoard.h">
      <Filter>Procedure - Main\World Manager\Terrain Manager\Misc</Filter>
    </ClInclude>
    <ClInclude Include="LightMgr.h">
      <Filter>Procedure - Main\World Manager\Terrain Manager\Misc</Filter>
    </ClInclude>
    <ClInclude Include="..\N3BASE\N3Pond.h">
      <Filter>Procedure - Main\World Manager\Terrain Manager\Misc</Filter>
    </ClInclude>
    <ClInclude Include="..\N3BASE\N3River.h">
      <Filter>Procedure - Main\World Manager\Terrain Manager\Misc</Filter>
    </ClInclude>
    <ClInclude Include="ServerMesh.h">
      <Filter>Procedure - Main\World Manager\Terrain Manager\Misc</Filter>
    </ClInclude>
    <ClInclude Include="N3TerrainManager.h">
      <Filter>Procedure - Main\World Manager\Terrain Manager</Filter>
    </ClInclude>
    <ClInclude Include="PortalVolume.h">
      <Filter>Procedure - Main\World Manager\Dungeon Manager\PVS</Filter>
    </ClInclude>
    <ClInclude Include="PvsMgr.h">
      <Filter>Procedure - Main\World Manager\Dungeon Manager\PVS</Filter>
    </ClInclude>
    <ClInclude Include="DungeonManager.h">
      <Filter>Procedure - Main\World Manager\Dungeon Manager</Filter>
    </ClInclude>
    <ClInclude Include="N3WorldBase.h">
      <Filter>Procedure - Main\World Manager</Filter>
    </ClInclude>
    <ClInclude Include="N3WorldManager.h">
      <Filter>Procedure - Main\World Manager</Filter>
    </ClInclude>
    <ClInclude Include="GameProcMain.h">
      <Filter>Procedure - Main</Filter>
    </ClInclude>
    <ClInclude Include="GameProcOption.h">
      <Filter>Procedure - Option</Filter>
    </ClInclude>
    <ClInclude Include="GameProcNationSelect.h">
      <Filter>Procedure - Nation Select</Filter>
    </ClInclude>
    <ClInclude Include="UINationSelectDlg.h">
      <Filter>Procedure - Nation Select</Filter>
    </ClInclude>
    <ClInclude Include="KnightChrMgr.h">
      <Filter>Knight Character</Filter>
    </ClInclude>
    <ClInclude Include="SharedMem.h">
      <Filter>Knight Character</Filter>
    </ClInclude>
    <ClInclude Include="GameProcLogIn.h">
      <Filter>Procedure - LogIn</Filter>
    </ClInclude>
    <ClInclude Include="UILogin.h">
      <Filter>Procedure - LogIn</Filter>
    </ClInclude>
    <ClInclude Include="EventManager.h" />
    <ClInclude Include="GameBase.h" />
    <ClInclude Include="GameCursor.h" />
    <ClInclude Include="GameDef.h" />
    <ClInclude Include="GameEng.h" />
    <ClInclude Include="GameProcedure.h" />
    <ClInclude Include="LocalInput.h" />
    <ClInclude Include="StdAfx.h" />
    <ClInclude Include="WarFareMain.h" />
    <ClInclude Include="WarMessage.h" />
  </ItemGroup>
  <ItemGroup>
    <ResourceCompile Include="Resource.rc">
      <Filter>Resource Files</Filter>
    </ResourceCompile>
  </ItemGroup>
  <ItemGroup>
    <Image Include="WarFare.ico">
      <Filter>Resource Files</Filter>
    </Image>
    <Image Include="Warfare_tw.ico">
      <Filter>Resource Files</Filter>
    </Image>
  </ItemGroup>
  <ItemGroup>
    <ClCompile Include="..\N3BASE\N3SndMgr.cpp">
      <Filter>SoundMgr</Filter>
    </ClCompile>
    <ClCompile Include="..\N3BASE\N3SndObj.cpp">
      <Filter>SoundMgr</Filter>
    </ClCompile>
    <ClCompile Include="..\N3BASE\N3SndObjStream.cpp">
      <Filter>SoundMgr</Filter>
    </ClCompile>
    <ClCompile Include="..\N3BASE\WaveFile.cpp">
      <Filter>SoundMgr</Filter>
    </ClCompile>
    <ClCompile Include="APISocket.cpp">
      <Filter>Network</Filter>
    </ClCompile>
    <ClCompile Include="Compress.cpp">
      <Filter>Network</Filter>
    </ClCompile>
    <ClCompile Include="GameProcCharacterCreate.cpp">
      <Filter>Procedure - Character Create</Filter>
    </ClCompile>
    <ClCompile Include="UICharacterCreate.cpp">
      <Filter>Procedure - Character Create</Filter>
    </ClCompile>
    <ClCompile Include="GameProcCharacterSelect.cpp">
      <Filter>Procedure - Character Select</Filter>
    </ClCompile>
    <ClCompile Include="UICharacterSelect.cpp">
      <Filter>Procedure - Character Select</Filter>
    </ClCompile>
    <ClCompile Include="..\N3Base\N3Chr.cpp">
      <Filter>Procedure - Main\Player\Common</Filter>
    </ClCompile>
    <ClCompile Include="..\N3Base\N3Skin.cpp">
      <Filter>Procedure - Main\Player\Common</Filter>
    </ClCompile>
    <ClCompile Include="PlayerBase.cpp">
      <Filter>Procedure - Main\Player\Common</Filter>
    </ClCompile>
    <ClCompile Include="PlayerNPC.cpp">
      <Filter>Procedure - Main\Player\Common</Filter>
    </ClCompile>
    <ClCompile Include="Catapult.cpp">
      <Filter>Procedure - Main\Player\Machine</Filter>
    </ClCompile>
    <ClCompile Include="MachineBase.cpp">
      <Filter>Procedure - Main\Player\Machine</Filter>
    </ClCompile>
    <ClCompile Include="MachineMng.cpp">
      <Filter>Procedure - Main\Player\Machine</Filter>
    </ClCompile>
    <ClCompile Include="PlayerMySelf.cpp">
      <Filter>Procedure - Main\Player</Filter>
    </ClCompile>
    <ClCompile Include="PlayerOther.cpp">
      <Filter>Procedure - Main\Player</Filter>
    </ClCompile>
    <ClCompile Include="PlayerOtherMgr.cpp">
      <Filter>Procedure - Main\Player</Filter>
    </ClCompile>
    <ClCompile Include="..\N3Base\N3FXBundle.cpp">
      <Filter>Procedure - Main\FX</Filter>
    </ClCompile>
    <ClCompile Include="N3FXBundleGame.cpp">
      <Filter>Procedure - Main\FX</Filter>
    </ClCompile>
    <ClCompile Include="N3FXMgr.cpp">
      <Filter>Procedure - Main\FX</Filter>
    </ClCompile>
    <ClCompile Include="..\N3Base\N3FXPartBase.cpp">
      <Filter>Procedure - Main\FX</Filter>
    </ClCompile>
    <ClCompile Include="..\N3Base\N3FXPartBillBoard.cpp">
      <Filter>Procedure - Main\FX</Filter>
    </ClCompile>
    <ClCompile Include="N3FXPartBillBoardGame.cpp">
      <Filter>Procedure - Main\FX</Filter>
    </ClCompile>
    <ClCompile Include="..\N3Base\N3FXPartBottomBoard.cpp">
      <Filter>Procedure - Main\FX</Filter>
    </ClCompile>
    <ClCompile Include="N3FXPartBottomBoardGame.cpp">
      <Filter>Procedure - Main\FX</Filter>
    </ClCompile>
    <ClCompile Include="..\N3Base\N3FXParticle.cpp">
      <Filter>Procedure - Main\FX</Filter>
    </ClCompile>
    <ClCompile Include="..\N3Base\N3FXPartMesh.cpp">
      <Filter>Procedure - Main\FX</Filter>
    </ClCompile>
    <ClCompile Include="..\N3Base\N3FXPartParticles.cpp">
      <Filter>Procedure - Main\FX</Filter>
    </ClCompile>
    <ClCompile Include="..\N3Base\N3FXPMesh.cpp">
      <Filter>Procedure - Main\FX</Filter>
    </ClCompile>
    <ClCompile Include="..\N3BASE\N3FXPMeshInstance.cpp">
      <Filter>Procedure - Main\FX</Filter>
    </ClCompile>
    <ClCompile Include="..\N3Base\N3FXShape.cpp">
      <Filter>Procedure - Main\FX</Filter>
    </ClCompile>
    <ClCompile Include="CountableItemEditDlg.cpp">
      <Filter>Procedure - Main\UI\UI%28Item Relative%29</Filter>
    </ClCompile>
    <ClCompile Include="UIDroppedItemDlg.cpp">
      <Filter>Procedure - Main\UI\UI%28Item Relative%29</Filter>
    </ClCompile>
    <ClCompile Include="UIImageTooltipDlg.cpp">
      <Filter>Procedure - Main\UI\UI%28Item Relative%29</Filter>
    </ClCompile>
    <ClCompile Include="UIInventory.cpp">
      <Filter>Procedure - Main\UI\UI%28Item Relative%29</Filter>
    </ClCompile>
    <ClCompile Include="UITransactionDlg.cpp">
      <Filter>Procedure - Main\UI\UI%28Item Relative%29</Filter>
    </ClCompile>
    <ClCompile Include="UIWareHouseDlg.cpp">
      <Filter>Procedure - Main\UI\UI%28Item Relative%29</Filter>
    </ClCompile>
    <ClCompile Include="..\N3BASE\N3UIArea.cpp">
      <Filter>Procedure - Main\UI\UI%28Icon Basic%29</Filter>
    </ClCompile>
    <ClCompile Include="N3UIIcon.cpp">
      <Filter>Procedure - Main\UI\UI%28Icon Basic%29</Filter>
    </ClCompile>
    <ClCompile Include="N3UIWndBase.cpp">
      <Filter>Procedure - Main\UI\UI%28Icon Basic%29</Filter>
    </ClCompile>
    <ClCompile Include="UINPCEvent.cpp">
      <Filter>Procedure - Main\UI\UI%28Icon Basic%29</Filter>
    </ClCompile>
    <ClCompile Include="UINpcTalk.cpp">
      <Filter>Procedure - Main\UI\UI%28Icon Basic%29</Filter>
    </ClCompile>
    <ClCompile Include="UIHotKeyDlg.cpp">
      <Filter>Procedure - Main\UI\UI%28Skill Relative%29</Filter>
    </ClCompile>
    <ClCompile Include="UISkillTreeDlg.cpp">
      <Filter>Procedure - Main\UI\UI%28Skill Relative%29</Filter>
    </ClCompile>
    <ClCompile Include="ItemRepairMgr.cpp">
      <Filter>Procedure - Main\UI\UI%28Exchange &amp; Repair%29</Filter>
    </ClCompile>
    <ClCompile Include="UIItemExchange.cpp">
      <Filter>Procedure - Main\UI\UI%28Exchange &amp; Repair%29</Filter>
    </ClCompile>
    <ClCompile Include="UIRepairTooltipDlg.cpp">
      <Filter>Procedure - Main\UI\UI%28Exchange &amp; Repair%29</Filter>
    </ClCompile>
    <ClCompile Include="UIClassChange.cpp">
      <Filter>Procedure - Main\UI\UI%28Change &amp; Init%29</Filter>
    </ClCompile>
    <ClCompile Include="UINPCChangeEvent.cpp">
      <Filter>Procedure - Main\UI\UI%28Change &amp; Init%29</Filter>
    </ClCompile>
    <ClCompile Include="UIPointInitDlg.cpp">
      <Filter>Procedure - Main\UI\UI%28Change &amp; Init%29</Filter>
    </ClCompile>
    <ClCompile Include="UICreateClanName.cpp">
      <Filter>Procedure - Main\UI\UI%28Inn%29</Filter>
    </ClCompile>
    <ClCompile Include="UIInn.cpp">
      <Filter>Procedure - Main\UI\UI%28Inn%29</Filter>
    </ClCompile>
    <ClCompile Include="N3UIDBCLButton.cpp">
      <Filter>Procedure - Main\UI</Filter>
    </ClCompile>
    <ClCompile Include="UIChat.cpp">
      <Filter>Procedure - Main\UI</Filter>
    </ClCompile>
    <ClCompile Include="UICmd.cpp">
      <Filter>Procedure - Main\UI</Filter>
    </ClCompile>
    <ClCompile Include="UIDead.cpp">
      <Filter>Procedure - Main\UI</Filter>
    </ClCompile>
    <ClCompile Include="UIEndingDisplay.cpp">
      <Filter>Procedure - Main\UI</Filter>
    </ClCompile>
    <ClCompile Include="UIHelp.cpp">
      <Filter>Procedure - Main\UI</Filter>
    </ClCompile>
    <ClCompile Include="UIKnightsOperation.cpp">
      <Filter>Procedure - Main\UI</Filter>
    </ClCompile>
    <ClCompile Include="UILoading.cpp">
      <Filter>Procedure - Main\UI</Filter>
    </ClCompile>
    <ClCompile Include="UIManager.cpp">
      <Filter>Procedure - Main\UI</Filter>
    </ClCompile>
    <ClCompile Include="UIMessageBox.cpp">
      <Filter>Procedure - Main\UI</Filter>
    </ClCompile>
    <ClCompile Include="UIMessageBoxManager.cpp">
      <Filter>Procedure - Main\UI</Filter>
    </ClCompile>
    <ClCompile Include="UIMessageWnd.cpp">
      <Filter>Procedure - Main\UI</Filter>
    </ClCompile>
    <ClCompile Include="UINotice.cpp">
      <Filter>Procedure - Main\UI</Filter>
    </ClCompile>
    <ClCompile Include="UIPartyBBS.cpp">
      <Filter>Procedure - Main\UI</Filter>
    </ClCompile>
    <ClCompile Include="UIPartyBBSSelector.cpp">
      <Filter>Procedure - Main\UI</Filter>
    </ClCompile>
    <ClCompile Include="UIPartyOrForce.cpp">
      <Filter>Procedure - Main\UI</Filter>
    </ClCompile>
    <ClCompile Include="UIQuestMenu.cpp">
      <Filter>Procedure - Main\UI</Filter>
    </ClCompile>
    <ClCompile Include="UIQuestTalk.cpp">
      <Filter>Procedure - Main\UI</Filter>
    </ClCompile>
    <ClCompile Include="UIStateBar.cpp">
      <Filter>Procedure - Main\UI</Filter>
    </ClCompile>
    <ClCompile Include="UITargetBar.cpp">
      <Filter>Procedure - Main\UI</Filter>
    </ClCompile>
    <ClCompile Include="UITradeBBSEditDlg.cpp">
      <Filter>Procedure - Main\UI</Filter>
    </ClCompile>
    <ClCompile Include="UITradeBBSSelector.cpp">
      <Filter>Procedure - Main\UI</Filter>
    </ClCompile>
    <ClCompile Include="UITradeExplanation.cpp">
      <Filter>Procedure - Main\UI</Filter>
    </ClCompile>
    <ClCompile Include="UITradeSellBBS.cpp">
      <Filter>Procedure - Main\UI</Filter>
    </ClCompile>
    <ClCompile Include="UIVarious.cpp">
      <Filter>Procedure - Main\UI</Filter>
    </ClCompile>
    <ClCompile Include="UIWarp.cpp">
      <Filter>Procedure - Main\UI</Filter>
    </ClCompile>
    <ClCompile Include="SubProcPerTrade.cpp">
      <Filter>Procedure - Main\Procedure[Sub] - PerTrade</Filter>
    </ClCompile>
    <ClCompile Include="UIPerTradeDlg.cpp">
      <Filter>Procedure - Main\Procedure[Sub] - PerTrade</Filter>
    </ClCompile>
    <ClCompile Include="UITradeEditDlg.cpp">
      <Filter>Procedure - Main\Procedure[Sub] - PerTrade</Filter>
    </ClCompile>
    <ClCompile Include="MagicSkillMng.cpp">
      <Filter>Procedure - Main\MagicSkill</Filter>
    </ClCompile>
    <ClCompile Include="..\N3BASE\N3Cloud.cpp">
      <Filter>Procedure - Main\World Manager\Terrain Manager\N3Sky</Filter>
    </ClCompile>
    <ClCompile Include="..\N3BASE\N3ColorChange.cpp">
      <Filter>Procedure - Main\World Manager\Terrain Manager\N3Sky</Filter>
    </ClCompile>
    <ClCompile Include="..\N3Base\N3GERain.cpp">
      <Filter>Procedure - Main\World Manager\Terrain Manager\N3Sky</Filter>
    </ClCompile>
    <ClCompile Include="..\N3Base\N3GESnow.cpp">
      <Filter>Procedure - Main\World Manager\Terrain Manager\N3Sky</Filter>
    </ClCompile>
    <ClCompile Include="..\N3Base\N3GlobalEffect.cpp">
      <Filter>Procedure - Main\World Manager\Terrain Manager\N3Sky</Filter>
    </ClCompile>
    <ClCompile Include="..\N3BASE\N3Moon.cpp">
      <Filter>Procedure - Main\World Manager\Terrain Manager\N3Sky</Filter>
    </ClCompile>
    <ClCompile Include="..\N3BASE\N3Sky.cpp">
      <Filter>Procedure - Main\World Manager\Terrain Manager\N3Sky</Filter>
    </ClCompile>
    <ClCompile Include="..\N3BASE\N3SkyMng.cpp">
      <Filter>Procedure - Main\World Manager\Terrain Manager\N3Sky</Filter>
    </ClCompile>
    <ClCompile Include="..\N3BASE\N3Star.cpp">
      <Filter>Procedure - Main\World Manager\Terrain Manager\N3Sky</Filter>
    </ClCompile>
    <ClCompile Include="..\N3BASE\N3Sun.cpp">
      <Filter>Procedure - Main\World Manager\Terrain Manager\N3Sky</Filter>
    </ClCompile>
    <ClCompile Include="N3Terrain.cpp">
      <Filter>Procedure - Main\World Manager\Terrain Manager\N3Terrain</Filter>
    </ClCompile>
    <ClCompile Include="N3TerrainPatch.cpp">
      <Filter>Procedure - Main\World Manager\Terrain Manager\N3Terrain</Filter>
    </ClCompile>
    <ClCompile Include="..\N3Base\N3ShapeMgr.cpp">
      <Filter>Procedure - Main\World Manager\Terrain Manager\N3ShapeMgr</Filter>
    </ClCompile>
    <ClCompile Include="Bird.cpp">
      <Filter>Procedure - Main\World Manager\Terrain Manager\Misc</Filter>
    </ClCompile>
    <ClCompile Include="BirdMng.cpp">
      <Filter>Procedure - Main\World Manager\Terrain Manager\Misc</Filter>
    </ClCompile>
    <ClCompile Include="GrassBoard.cpp">
      <Filter>Procedure - Main\World Manager\Terrain Manager\Misc</Filter>
    </ClCompile>
    <ClCompile Include="LightMgr.cpp">
      <Filter>Procedure - Main\World Manager\Terrain Manager\Misc</Filter>
    </ClCompile>
    <ClCompile Include="..\N3BASE\N3Pond.cpp">
      <Filter>Procedure - Main\World Manager\Terrain Manager\Misc</Filter>
    </ClCompile>
    <ClCompile Include="..\N3BASE\N3River.cpp">
      <Filter>Procedure - Main\World Manager\Terrain Manager\Misc</Filter>
    </ClCompile>
    <ClCompile Include="ServerMesh.cpp">
      <Filter>Procedure - Main\World Manager\Terrain Manager\Misc</Filter>
    </ClCompile>
    <ClCompile Include="N3TerrainManager.cpp">
      <Filter>Procedure - Main\World Manager\Terrain Manager</Filter>
    </ClCompile>
    <ClCompile Include="PortalVolume.cpp">
      <Filter>Procedure - Main\World Manager\Dungeon Manager\PVS</Filter>
    </ClCompile>
    <ClCompile Include="PvsMgr.cpp">
      <Filter>Procedure - Main\World Manager\Dungeon Manager\PVS</Filter>
    </ClCompile>
    <ClCompile Include="DungeonManager.cpp">
      <Filter>Procedure - Main\World Manager\Dungeon Manager</Filter>
    </ClCompile>
    <ClCompile Include="N3WorldBase.cpp">
      <Filter>Procedure - Main\World Manager</Filter>
    </ClCompile>
    <ClCompile Include="N3WorldManager.cpp">
      <Filter>Procedure - Main\World Manager</Filter>
    </ClCompile>
    <ClCompile Include="GameProcMain.cpp">
      <Filter>Procedure - Main</Filter>
    </ClCompile>
    <ClCompile Include="GameProcOption.cpp">
      <Filter>Procedure - Option</Filter>
    </ClCompile>
    <ClCompile Include="GameProcNationSelect.cpp">
      <Filter>Procedure - Nation Select</Filter>
    </ClCompile>
    <ClCompile Include="UINationSelectDlg.cpp">
      <Filter>Procedure - Nation Select</Filter>
    </ClCompile>
    <ClCompile Include="KnightChrMgr.cpp">
      <Filter>Knight Character</Filter>
    </ClCompile>
    <ClCompile Include="SharedMem.cpp">
      <Filter>Knight Character</Filter>
    </ClCompile>
    <ClCompile Include="GameProcLogIn.cpp">
      <Filter>Procedure - LogIn</Filter>
    </ClCompile>
    <ClCompile Include="UILogin.cpp">
      <Filter>Procedure - LogIn</Filter>
    </ClCompile>
    <ClCompile Include="EventManager.cpp" />
    <ClCompile Include="GameBase.cpp" />
    <ClCompile Include="GameCursor.cpp" />
    <ClCompile Include="GameEng.cpp" />
    <ClCompile Include="GameProcedure.cpp" />
    <ClCompile Include="LocalInput.cpp" />
    <ClCompile Include="StdAfx.cpp" />
    <ClCompile Include="WarFareMain.cpp" />
    <ClCompile Include="WarMessage.cpp" />
  </ItemGroup>
  <ItemGroup>
    <Library Include="JvCryption.lib">
      <Filter>Network</Filter>
    </Library>
    <Library Include="Implode.lib">
      <Filter>Network</Filter>
    </Library>
  </ItemGroup>
  <ItemGroup>
    <CustomBuild Include="Cursor_Attack.cur">
      <Filter>Resource Files</Filter>
    </CustomBuild>
    <CustomBuild Include="Cursor_Click.cur">
      <Filter>Resource Files</Filter>
    </CustomBuild>
    <CustomBuild Include="cursor_click1.cur">
      <Filter>Resource Files</Filter>
    </CustomBuild>
    <CustomBuild Include="Cursor_Normal.cur">
      <Filter>Resource Files</Filter>
    </CustomBuild>
    <CustomBuild Include="cursor_normal1.cur">
      <Filter>Resource Files</Filter>
    </CustomBuild>
    <CustomBuild Include="repair0.cur">
      <Filter>Resource Files</Filter>
    </CustomBuild>
    <CustomBuild Include="repair1.cur">
      <Filter>Resource Files</Filter>
    </CustomBuild>
  </ItemGroup>
</Project>